
Microsoft Visual Studio Solution File, Format Version 12.00
# Visual Studio Version 16
VisualStudioVersion = 16.0.31205.134
MinimumVisualStudioVersion = 10.0.40219.1
Project("{FAE04EC0-301F-11D3-BF4B-00C04F79EFBC}") = "9 statistic", "9 statistic\9 statistic.csproj", "{46003A68-8841-4268-A9AC-26CB4F40B4B0}"
EndProject
Global
	GlobalSection(SolutionConfigurationPlatforms) = preSolution
		Debug|Any CPU = Debug|Any CPU
		Release|Any CPU = Release|Any CPU
	EndGlobalSection
	GlobalSection(ProjectConfigurationPlatforms) = postSolution
		{46003A68-8841-4268-A9AC-26CB4F40B4B0}.Debug|Any CPU.ActiveCfg = Debug|Any CPU
		{46003A68-8841-4268-A9AC-26CB4F40B4B0}.Debug|Any CPU.Build.0 = Debug|Any CPU
		{46003A68-8841-4268-A9AC-26CB4F40B4B0}.Release|Any CPU.ActiveCfg = Release|Any CPU
		{46003A68-8841-4268-A9AC-26CB4F40B4B0}.Release|Any CPU.Build.0 = Release|Any CPU
	EndGlobalSection
	GlobalSection(SolutionProperties) = preSolution
		HideSolutionNode = FALSE
	EndGlobalSection
	GlobalSection(ExtensibilityGlobals) = postSolution
		SolutionGuid = {D8C7F24F-8DBC-43AF-B3EE-5CF0D0955179}
	EndGlobalSection
EndGlobal
